github.com/beorn7/perks v0.0.0-20180321164747-3a771d992973 h1:xJ4a3vCFaGF/jqvzLMYoU8P317H5OQ+Via4RmuPwCS0=
github.com/beorn7/perks v0.0.0-20180321164747-3a771d992973/go.mod h1:Dwedo/Wpr24TaqPxmxbtue+5NUziq4I4S80YR8gNf3Q=
github.com/golang/lint v0.0.0-20181217174547-8f45f776aaf1 h1:6DVPu65tee05kY0/rciBQ47ue+AnuY8KTayV6VHikIo=
github.com/golang/lint v0.0.0-20181217174547-8f45f776aaf1/go.mod h1:tluoj9z5200jBnyusfRPU2LqT6J+DAorxEvtC7LHB+E=
github.com/golang/protobuf v0.0.0-20180328163153-e09c5db29600 h1:9JtpUrGhEHL+r4w4ahu0MxGWacOcA3TwaDKdukl3YBg=
github.com/golang/protobuf v0.0.0-20180328163153-e09c5db29600/go.mod h1:6lQm79b+lXiMfvg/cZm0SGofjICqVBUtrP5yJMmIC1U=
github.com/matttproud/golang_protobuf_extensions v1.0.1 h1:4hp9jkHxhMHkqkrB3Ix0jegS5sx/RkqARlsWZ6pIwiU=
github.com/matttproud/golang_protobuf_extensions v1.0.1/go.mod h1:D8He9yQNgCq6Z5Ld7szi9bcBfOoFv/3dc6xSMkL2PC0=
github.com/mdlayher/apcupsd v0.0.0-20180210121443-2fe55d9e1d07 h1:PY2tCDohtHxJ7NJPmWTfNf1FDt9nyqk6BDf96RPg8a4=
github.com/mdlayher/apcupsd v0.0.0-20180210121443-2fe55d9e1d07/go.mod h1:z2AH3Geh6Nz5IuwotKtAT1DccTkHPJ+pApQS49q4+eA=
github.com/prometheus/client_golang v0.0.0-20180328130430-f504d69affe1 h1:jtnwVoXwppTtQ4ApMgCb+G5CcW8OUvLlprWpB+x3e+8=
github.com/prometheus/client_golang v0.0.0-20180328130430-f504d69affe1/go.mod h1:7SWBe2y4D6OKWSNQJUaRYU/AaXPKyh/dDVn+NZz0KFw=
github.com/prometheus/client_model v0.0.0-20171117100541-99fa1f4be8e5 h1:cLL6NowurKLMfCeQy4tIeph12XNQWgANCNvdyrOYKV4=
github.com/prometheus/client_model v0.0.0-20171117100541-99fa1f4be8e5/go.mod h1:MbSGuTsp3dbXC40dX6PRTWyKYBIrTGTE9sqQNg2J8bo=
github.com/prometheus/common v0.0.0-20180326160409-38c53a9f4bfc h1:tyg3EcZAmwCUe90Jzl4Qw6Af+ajuW8S9b1VFitMNOQs=
github.com/prometheus/common v0.0.0-20180326160409-38c53a9f4bfc/go.mod h1:daVV7qP5qjZbuso7PdcryaAu0sAZbrN9i7WWcTMWvro=
github.com/prometheus/procfs v0.0.0-20180321230812-780932d4fbbe h1:sxvCVczjZN4FlMiGWE+dxMlgtDR05ZzPhajnOxW6TZE=
github.com/prometheus/procfs v0.0.0-20180321230812-780932d4fbbe/go.mod h1:c3At6R/oaqEKCNdg8wHV1ftS6bRYblBhIjjI8uT2IGk=
golang.org/x/lint v0.0.0-20181217174547-8f45f776aaf1 h1:rJm0LuqUjoDhSk2zO9ISMSToQxGz7Os2jRiOL8AWu4c=
golang.org/x/lint v0.0.0-20181217174547-8f45f776aaf1/go.mod h1:UVdnD1Gm6xHRNCYTkRU2/jEulfH38KcIWyp/GAMgvoE=
golang.org/x/tools v0.0.0-20190110163146-51295c7ec13a h1:sSIx6lCxXoSnDgf7mm3vA/EYXI/gFaJupV18uYCUDmQ=
golang.org/x/tools v0.0.0-20190110163146-51295c7ec13a/go.mod h1:n7NCudcB/nEzxVGmLbDWY5pfWTLqBcC2KZ6jyYvM4mQ=
